<Solution>
  <Folder Name="/Data/">
    <Project Path="Data/BookNook.Data.Models/BookNook.Data.Models.csproj" />
    <Project Path="Data/BookNook.Data/BookNook.Data.csproj" />
  </Folder>
  <Folder Name="/Services/">
    <Project Path="Services/BookNook.Services.Data/BookNook.Services.Data.csproj" />
  </Folder>
  <Folder Name="/Web/">
    <Project Path="Web/BookNook.csproj" />
    <Project Path="Web/BookNook.Web.ViewModels/BookNook.Web.ViewModels.csproj" Id="9f5404cf-ae48-49b1-b235-fa75616ee70b" />
  </Folder>
</Solution>
