<Solution>
  <Folder Name="/Data/">
    <Project Path="Data/BookNook.Data.Models/BookNook.Data.Models.csproj" />
    <Project Path="Data/BookNook.Data/BookNook.Data.csproj" />
  </Folder>
  <Folder Name="/Services/">
    <Project Path="Services/BookNook.Services.Data/BookNook.Services.Data.csproj" />
  </Folder>
  <Folder Name="/Web/">
    <Project Path="Web/BookNook.Web.ViewModels/BookNook.Web.ViewModels.csproj" Id="ba36b685-81fd-46ac-a928-96166885516c" />
    <Project Path="Web/BookNook.Web/BookNook.Web.csproj" />
  </Folder>
</Solution>
